
Microsoft Visual Studio Solution File, Format Version 12.00
# Visual Studio 2012
Project("{E24C65DC-7377-472B-9ABA-BC803B73C61A}") = "PrizeIsRight", "http://localhost:4664", "{CA4457E7-5AC7-4D1F-8A42-BA76F29293A7}"
	ProjectSection(WebsiteProperties) = preProject
		UseIISExpress = "true"
		TargetFrameworkMoniker = ".NETFramework,Version%3Dv4.5"
		Debug.AspNetCompiler.VirtualPath = "/localhost_4664"
		Debug.AspNetCompiler.PhysicalPath = "..\..\..\GitHub\PrizeIsRight\"
		Debug.AspNetCompiler.TargetPath = "PrecompiledWeb\localhost_4664\"
		Debug.AspNetCompiler.Updateable = "true"
		Debug.AspNetCompiler.ForceOverwrite = "true"
		Debug.AspNetCompiler.FixedNames = "false"
		Debug.AspNetCompiler.Debug = "True"
		Release.AspNetCompiler.VirtualPath = "/localhost_4664"
		Release.AspNetCompiler.PhysicalPath = "..\..\..\GitHub\PrizeIsRight\"
		Release.AspNetCompiler.TargetPath = "PrecompiledWeb\localhost_4664\"
		Release.AspNetCompiler.Updateable = "true"
		Release.AspNetCompiler.ForceOverwrite = "true"
		Release.AspNetCompiler.FixedNames = "false"
		Release.AspNetCompiler.Debug = "False"
		SlnRelativePath = "..\..\..\GitHub\PrizeIsRight\"
		DefaultWebSiteLanguage = "Visual C#"
	EndProjectSection
EndProject
Global
	GlobalSection(SolutionConfigurationPlatforms) = preSolution
		Debug|Any CPU = Debug|Any CPU
	EndGlobalSection
	GlobalSection(ProjectConfigurationPlatforms) = postSolution
		{CA4457E7-5AC7-4D1F-8A42-BA76F29293A7}.Debug|Any CPU.ActiveCfg = Debug|Any CPU
		{CA4457E7-5AC7-4D1F-8A42-BA76F29293A7}.Debug|Any CPU.Build.0 = Debug|Any CPU
	EndGlobalSection
	GlobalSection(SolutionProperties) = preSolution
		HideSolutionNode = FALSE
	EndGlobalSection
EndGlobal
