
Microsoft Visual Studio Solution File, Format Version 12.00
# Visual Studio 2012
Project("{E24C65DC-7377-472B-9ABA-BC803B73C61A}") = "ThePrizeIsRight", ".", "{86B75ADA-9912-4DFD-9358-6DF6E25D710D}"
	ProjectSection(WebsiteProperties) = preProject
		TargetFrameworkMoniker = ".NETFramework,Version%3Dv4.5"
		Debug.AspNetCompiler.VirtualPath = "/ThePrizeIsRight"
		Debug.AspNetCompiler.PhysicalPath = "..\ThePrizeIsRight\"
		Debug.AspNetCompiler.TargetPath = "PrecompiledWeb\ThePrizeIsRight\"
		Debug.AspNetCompiler.Updateable = "true"
		Debug.AspNetCompiler.ForceOverwrite = "true"
		Debug.AspNetCompiler.FixedNames = "false"
		Debug.AspNetCompiler.Debug = "True"
		Release.AspNetCompiler.VirtualPath = "/ThePrizeIsRight"
		Release.AspNetCompiler.PhysicalPath = "..\ThePrizeIsRight\"
		Release.AspNetCompiler.TargetPath = "PrecompiledWeb\ThePrizeIsRight\"
		Release.AspNetCompiler.Updateable = "true"
		Release.AspNetCompiler.ForceOverwrite = "true"
		Release.AspNetCompiler.FixedNames = "false"
		Release.AspNetCompiler.Debug = "False"
		VWDPort = "1184"
	EndProjectSection
EndProject
Global
	GlobalSection(SolutionConfigurationPlatforms) = preSolution
		Debug|Any CPU = Debug|Any CPU
	EndGlobalSection
	GlobalSection(ProjectConfigurationPlatforms) = postSolution
		{86B75ADA-9912-4DFD-9358-6DF6E25D710D}.Debug|Any CPU.ActiveCfg = Debug|Any CPU
		{86B75ADA-9912-4DFD-9358-6DF6E25D710D}.Debug|Any CPU.Build.0 = Debug|Any CPU
	EndGlobalSection
	GlobalSection(SolutionProperties) = preSolution
		HideSolutionNode = FALSE
	EndGlobalSection
EndGlobal
